
Microsoft Visual Studio Solution File, Format Version 12.00
# Visual Studio 14
VisualStudioVersion = 14.0.23107.0
MinimumVisualStudioVersion = 10.0.40219.1
Project("{FAE04EC0-301F-11D3-BF4B-00C04F79EFBC}") = "01.DelegateExample", "DelegateExample\01.DelegateExample.csproj", "{9C9E736E-C5B8-452C-B184-E21918BC9AF1}"
EndProject
Project("{FAE04EC0-301F-11D3-BF4B-00C04F79EFBC}") = "02.StringDelegate", "StringDelegate\02.StringDelegate.csproj", "{5093E07D-1F70-4D16-81FF-6DEB8AF266FD}"
EndProject
Global
	GlobalSection(SolutionConfigurationPlatforms) = preSolution
		Debug|Any CPU = Debug|Any CPU
		Release|Any CPU = Release|Any CPU
	EndGlobalSection
	GlobalSection(ProjectConfigurationPlatforms) = postSolution
		{9C9E736E-C5B8-452C-B184-E21918BC9AF1}.Debug|Any CPU.ActiveCfg = Debug|Any CPU
		{9C9E736E-C5B8-452C-B184-E21918BC9AF1}.Debug|Any CPU.Build.0 = Debug|Any CPU
		{9C9E736E-C5B8-452C-B184-E21918BC9AF1}.Release|Any CPU.ActiveCfg = Release|Any CPU
		{9C9E736E-C5B8-452C-B184-E21918BC9AF1}.Release|Any CPU.Build.0 = Release|Any CPU
		{5093E07D-1F70-4D16-81FF-6DEB8AF266FD}.Debug|Any CPU.ActiveCfg = Debug|Any CPU
		{5093E07D-1F70-4D16-81FF-6DEB8AF266FD}.Debug|Any CPU.Build.0 = Debug|Any CPU
		{5093E07D-1F70-4D16-81FF-6DEB8AF266FD}.Release|Any CPU.ActiveCfg = Release|Any CPU
		{5093E07D-1F70-4D16-81FF-6DEB8AF266FD}.Release|Any CPU.Build.0 = Release|Any CPU
	EndGlobalSection
	GlobalSection(SolutionProperties) = preSolution
		HideSolutionNode = FALSE
	EndGlobalSection
EndGlobal
