
Microsoft Visual Studio Solution File, Format Version 12.00
# Visual Studio 14
VisualStudioVersion = 14.0.23107.0
MinimumVisualStudioVersion = 10.0.40219.1
Project("{FAE04EC0-301F-11D3-BF4B-00C04F79EFBC}") = "01.Inheritance-Example", "Inheritance-Example\01.Inheritance-Example.csproj", "{B128E0E5-AC05-497A-9153-013579D3A72F}"
EndProject
Project("{FAE04EC0-301F-11D3-BF4B-00C04F79EFBC}") = "02.Inheritance-Example-Two", "Inheritance-Example-Two\02.Inheritance-Example-Two.csproj", "{A217F8D8-8599-44C3-9F7A-D3C7E44ED01C}"
EndProject
Project("{FAE04EC0-301F-11D3-BF4B-00C04F79EFBC}") = "03.Interfaces-Figures", "Interfaces-Figures\03.Interfaces-Figures.csproj", "{6A42B5A3-D00D-4BF5-BF11-66E07C8A1685}"
EndProject
Global
	GlobalSection(SolutionConfigurationPlatforms) = preSolution
		Debug|Any CPU = Debug|Any CPU
		Release|Any CPU = Release|Any CPU
	EndGlobalSection
	GlobalSection(ProjectConfigurationPlatforms) = postSolution
		{B128E0E5-AC05-497A-9153-013579D3A72F}.Debug|Any CPU.ActiveCfg = Debug|Any CPU
		{B128E0E5-AC05-497A-9153-013579D3A72F}.Debug|Any CPU.Build.0 = Debug|Any CPU
		{B128E0E5-AC05-497A-9153-013579D3A72F}.Release|Any CPU.ActiveCfg = Release|Any CPU
		{B128E0E5-AC05-497A-9153-013579D3A72F}.Release|Any CPU.Build.0 = Release|Any CPU
		{A217F8D8-8599-44C3-9F7A-D3C7E44ED01C}.Debug|Any CPU.ActiveCfg = Debug|Any CPU
		{A217F8D8-8599-44C3-9F7A-D3C7E44ED01C}.Debug|Any CPU.Build.0 = Debug|Any CPU
		{A217F8D8-8599-44C3-9F7A-D3C7E44ED01C}.Release|Any CPU.ActiveCfg = Release|Any CPU
		{A217F8D8-8599-44C3-9F7A-D3C7E44ED01C}.Release|Any CPU.Build.0 = Release|Any CPU
		{6A42B5A3-D00D-4BF5-BF11-66E07C8A1685}.Debug|Any CPU.ActiveCfg = Debug|Any CPU
		{6A42B5A3-D00D-4BF5-BF11-66E07C8A1685}.Debug|Any CPU.Build.0 = Debug|Any CPU
		{6A42B5A3-D00D-4BF5-BF11-66E07C8A1685}.Release|Any CPU.ActiveCfg = Release|Any CPU
		{6A42B5A3-D00D-4BF5-BF11-66E07C8A1685}.Release|Any CPU.Build.0 = Release|Any CPU
	EndGlobalSection
	GlobalSection(SolutionProperties) = preSolution
		HideSolutionNode = FALSE
	EndGlobalSection
EndGlobal
